// !$*UTF8*$!
{
	archiveVersion = 1;
	classes = {
	};
	objectVersion = 77;
	objects = {

/* Begin PBXBuildFile section */
		047B736AA62E20A0A9702C45 /* BoardsView.swift in Sources */ = {isa = PBXBuildFile; fileRef = 4D24BE4E5B5C47893A3A1D57 /* BoardsView.swift */; };
		06A47D634871BE342BCE520D /* LocalAssetPersistence.swift in Sources */ = {isa = PBXBuildFile; fileRef = E5CBA2414124315FE3898363 /* LocalAssetPersistence.swift */; };
		07B5EB866884486E92B4A3DD /* ClipItem.swift in Sources */ = {isa = PBXBuildFile; fileRef = 3ABA1F9B99CAC026D3CDC438 /* ClipItem.swift */; };
		08718DC5004BFC613A053B57 /* InlinePreviewWindowController.swift in Sources */ = {isa = PBXBuildFile; fileRef = 2C9EA2E93E786090C49202A0 /* InlinePreviewWindowController.swift */; };
		09342B3ED36341FE7CADE6DB /* ClipPreviewWindowView.swift in Sources */ = {isa = PBXBuildFile; fileRef = 5BF99A45C59B4D34F2D7BDEF /* ClipPreviewWindowView.swift */; };
		095FC08DAE0A4645AA669413 /* CloudSyncService.swift in Sources */ = {isa = PBXBuildFile; fileRef = BA23008C43CF47F4FE5E2928 /* CloudSyncService.swift */; };
		0B08EAC85A87A5EA2E7F2984 /* LaunchAtLogin.swift in Sources */ = {isa = PBXBuildFile; fileRef = AA65F034BD491F88EF5857D1 /* LaunchAtLogin.swift */; };
		0E166E4821A749A56C09C643 /* SourceColor.swift in Sources */ = {isa = PBXBuildFile; fileRef = 3E3EC460593477C4A60E4206 /* SourceColor.swift */; };
		0F773902789E48C89343D9A5 /* HotKeyCenter.swift in Sources */ = {isa = PBXBuildFile; fileRef = DDB22979AA83D400DE7FB740 /* HotKeyCenter.swift */; };
		103861ED72019A701814009B /* CompanionSettingsView.swift in Sources */ = {isa = PBXBuildFile; fileRef = E718B0FC32C19F23818D11E4 /* CompanionSettingsView.swift */; };
		133824BE3DDB10D16562801E /* PestyLibraryTests.swift in Sources */ = {isa = PBXBuildFile; fileRef = 907433182EF9C7B49F88AC9E /* PestyLibraryTests.swift */; };
		13D98759C2AD6E40FF1A9C01 /* PestyLibrary.swift in Sources */ = {isa = PBXBuildFile; fileRef = 77E33E3B7D291C8C0974B4B0 /* PestyLibrary.swift */; };
		17030E1B1443207B7CA895FF /* PasteStackWindowController.swift in Sources */ = {isa = PBXBuildFile; fileRef = BCA6847010C3A279BF736638 /* PasteStackWindowController.swift */; };
		174D5206B0500C6827BBBA65 /* PestyBoard.swift in Sources */ = {isa = PBXBuildFile; fileRef = 0064D10DB3FB26EEFA3D5D58 /* PestyBoard.swift */; };
		1A1028C9769D162B6ACE8596 /* PestyPalette.swift in Sources */ = {isa = PBXBuildFile; fileRef = B7C1FBABC42CC9F760791FDD /* PestyPalette.swift */; };
		1A9027984A79F425F085BF6B /* QuickLookService.swift in Sources */ = {isa = PBXBuildFile; fileRef = DF164BD1ADB99B47EFBF1394 /* QuickLookService.swift */; };
		1B414FB20F7DB9FE041E1F71 /* FormatConverter.swift in Sources */ = {isa = PBXBuildFile; fileRef = 2F5F9C9D06C277401C4BF3E7 /* FormatConverter.swift */; };
		1E23F475357A09E64627C826 /* Main.swift in Sources */ = {isa = PBXBuildFile; fileRef = 8B93B672FDBE922F008CBC8D /* Main.swift */; };
		2172937D54729A67CB31F19F /* ClipKind.swift in Sources */ = {isa = PBXBuildFile; fileRef = EB475510E4B4020C68A5DE3E /* ClipKind.swift */; };
		24FE7726745076C3D5ED01E9 /* PasteStackView.swift in Sources */ = {isa = PBXBuildFile; fileRef = 205E76D4A65BD7915E7E45AE /* PasteStackView.swift */; };
		2680DFDDD7F6595948E5C1BC /* Assets.xcassets in Resources */ = {isa = PBXBuildFile; fileRef = 1650E3A260B19A8716F88D60 /* Assets.xcassets */; };
		2737D55BE9B0F3B9EF91DE21 /* PasteStackDeckCard.swift in Sources */ = {isa = PBXBuildFile; fileRef = A5F771120141E22ECC51B228 /* PasteStackDeckCard.swift */; };
		2F9D10A1263304B3BB149B6E /* ClipKind.swift in Sources */ = {isa = PBXBuildFile; fileRef = EB475510E4B4020C68A5DE3E /* ClipKind.swift */; };
		2FC20549664AE2A6A3689E06 /* ClipDragProvider.swift in Sources */ = {isa = PBXBuildFile; fileRef = 2C0ECBC649762263FE651AE5 /* ClipDragProvider.swift */; };
		356E6E48B56E49A08D0DB6B8 /* FileThumbnailProvider.swift in Sources */ = {isa = PBXBuildFile; fileRef = F239C5A86777A63B1264CD35 /* FileThumbnailProvider.swift */; };
		3EA4F2E7B89327FC99B630AC /* AppIdentity.swift in Sources */ = {isa = PBXBuildFile; fileRef = 115BB3D5E2F066A1F3E0D04E /* AppIdentity.swift */; };
		3F58A822596EB78CA881B032 /* CloudRecordCodec.swift in Sources */ = {isa = PBXBuildFile; fileRef = 5FA1C2100AFC1AC5774F8297 /* CloudRecordCodec.swift */; };
		3FA845CBCF6B5B35153E2AAD /* ClipKind.swift in Sources */ = {isa = PBXBuildFile; fileRef = EB475510E4B4020C68A5DE3E /* ClipKind.swift */; };
		4051876F7057CE67AEADB887 /* CloudKitSchema.swift in Sources */ = {isa = PBXBuildFile; fileRef = F4FBF0CC39EC1465F74F25E2 /* CloudKitSchema.swift */; };
		42511C7F4FAA03962F85F1D6 /* PestyBoard.swift in Sources */ = {isa = PBXBuildFile; fileRef = 0064D10DB3FB26EEFA3D5D58 /* PestyBoard.swift */; };
		433D42B45D84563570C8D00B /* LibrarySyncing.swift in Sources */ = {isa = PBXBuildFile; fileRef = D95F70AAEE440B10D056214F /* LibrarySyncing.swift */; };
		46F3CF16C145915A3DC4DACB /* BarHeightGhostController.swift in Sources */ = {isa = PBXBuildFile; fileRef = F95AA2A00B8301E4A40D4FFB /* BarHeightGhostController.swift */; };
		4926EF976EE48DE3CEDF07DC /* ClipPreviewViews.swift in Sources */ = {isa = PBXBuildFile; fileRef = FF2DE9B17572237136A84F0D /* ClipPreviewViews.swift */; };
		49F9DA4CDBCEF5050086D8A3 /* PestyClip.swift in Sources */ = {isa = PBXBuildFile; fileRef = 8A3668CF5CD1A694F35E33B4 /* PestyClip.swift */; };
		4BA745B8FA900F4CC1834DD0 /* ClipType.swift in Sources */ = {isa = PBXBuildFile; fileRef = BA657A2321898DC93398FD33 /* ClipType.swift */; };
		4EB099BC02C70ABAA4C7D4FA /* LocalLibraryPersistence.swift in Sources */ = {isa = PBXBuildFile; fileRef = 505BE2DA560A90B505607145 /* LocalLibraryPersistence.swift */; };
		51468BB3137B0AFB9228A233 /* ClipSelection.swift in Sources */ = {isa = PBXBuildFile; fileRef = 9FB197CE59B83F88363DC8CC /* ClipSelection.swift */; };
		51FFFF3CE40EDDA3ECF41E03 /* SettingsView.swift in Sources */ = {isa = PBXBuildFile; fileRef = 0DD8994F09EF4A043FBF8A12 /* SettingsView.swift */; };
		56503088A1DAEA65B9799288 /* PestyWidget.appex in Embed Foundation Extensions */ = {isa = PBXBuildFile; fileRef = 341D2CCACB6EEF160B5B9789 /* PestyWidget.appex */; settings = {ATTRIBUTES = (RemoveHeadersOnCopy, ); }; };
		5696992C5BFC3A5DB2A546E4 /* ClipDetailView.swift in Sources */ = {isa = PBXBuildFile; fileRef = C7C4A38F9C67F85D0C08B7DE /* ClipDetailView.swift */; };
		56ADC7040AE5D6D0FAA9B95E /* BarSearchField.swift in Sources */ = {isa = PBXBuildFile; fileRef = 3C27DEFCE6641B416B7F6B94 /* BarSearchField.swift */; };
		58CCCEFD5CA5334F92D7CDF9 /* ShareViewController.swift in Sources */ = {isa = PBXBuildFile; fileRef = 86C8E1BAB1888A61AD30AA3E /* ShareViewController.swift */; };
		5C6C8C09D1775FCA9E0A025D /* Pesty-Alvie.icns in Resources */ = {isa = PBXBuildFile; fileRef = 780B9136E1189BACA570D915 /* Pesty-Alvie.icns */; };
		6067442D28B0C101C77EAC8C /* LibraryStore.swift in Sources */ = {isa = PBXBuildFile; fileRef = 02B70E10BD4D2C098C3D2D2A /* LibraryStore.swift */; };
		608C7CD137F599D82956C912 /* VisualEffectView.swift in Sources */ = {isa = PBXBuildFile; fileRef = 4AFE82B60E1ACF152CB70BF6 /* VisualEffectView.swift */; };
		656D975AD1FB84D4177AB5C0 /* PestyAlvieApp.swift in Sources */ = {isa = PBXBuildFile; fileRef = 89FAC6B477E246B4103A4BC2 /* PestyAlvieApp.swift */; };
		66A503A0A049A6C11FDB837E /* PasteSequence.swift in Sources */ = {isa = PBXBuildFile; fileRef = E6A3E03A520D8DDC8CA5D886 /* PasteSequence.swift */; };
		6B09E6D305CCE341D3C1081C /* Contrast.swift in Sources */ = {isa = PBXBuildFile; fileRef = E59A6C7BD419753C4D4491D4 /* Contrast.swift */; };
		724E8119B000BFFE870B9AF7 /* HorizontalScrollWheelSupport.swift in Sources */ = {isa = PBXBuildFile; fileRef = 718999F596F1B01F6CBFD846 /* HorizontalScrollWheelSupport.swift */; };
		768665C38CC517F390C07E9B /* DemoSeed.swift in Sources */ = {isa = PBXBuildFile; fileRef = D148631772ACF5DE3ACD5C8C /* DemoSeed.swift */; };
		768FCA19A7EBCAED69AA3064 /* ClipCardView.swift in Sources */ = {isa = PBXBuildFile; fileRef = BF6E78124C97CFE53EAF2ECC /* ClipCardView.swift */; };
		7751A17A9C0C584AAA8AA23C /* AppIconProvider.swift in Sources */ = {isa = PBXBuildFile; fileRef = F8DEF7E9BE08C69A2108553C /* AppIconProvider.swift */; };
		7CD67E6E9A6E496E692AB22E /* Pinboard.swift in Sources */ = {isa = PBXBuildFile; fileRef = 5D3DD8B9BEE2EE8592077F63 /* Pinboard.swift */; };
		7F106B3F9498827F14B16C89 /* MacPestyStoreImporter.swift in Sources */ = {isa = PBXBuildFile; fileRef = A580A55CDABFC5803836A241 /* MacPestyStoreImporter.swift */; };
		7FA610E6EA5E7A23CFC1E0AB /* PestyWidget.swift in Sources */ = {isa = PBXBuildFile; fileRef = 40E80A569B4A0A90DC449E6F /* PestyWidget.swift */; };
		858C36C1ECEF3AD180761371 /* ClipboardWriter.swift in Sources */ = {isa = PBXBuildFile; fileRef = 28F66E6017390DDFDAB256BF /* ClipboardWriter.swift */; };
		884365BFC5A354E99D380A4F /* PasteService.swift in Sources */ = {isa = PBXBuildFile; fileRef = 6B79EF3CE88172A6D37FC715 /* PasteService.swift */; };
		8C6E22C1D87B0BB30A67F556 /* FormatConverter.swift in Sources */ = {isa = PBXBuildFile; fileRef = 8BE43723E3248BE23A07B84B /* FormatConverter.swift */; };
		8D045D68502C6B19A673D709 /* ClipDeletionLedger.swift in Sources */ = {isa = PBXBuildFile; fileRef = 864A35049FBB361612B5A0DC /* ClipDeletionLedger.swift */; };
		956C57D8D1B28BCE14A759B4 /* InlinePreviewExternalOpener.swift in Sources */ = {isa = PBXBuildFile; fileRef = 9AEE0779AA154B7EEF0B17DB /* InlinePreviewExternalOpener.swift */; };
		969F2DFBE077AAED3797F4D6 /* ClipboardStore.swift in Sources */ = {isa = PBXBuildFile; fileRef = 8628C1ED94EC25E07D64EAB0 /* ClipboardStore.swift */; };
		9808BB1A9A73038036E81DBB /* LinkPreviewStore.swift in Sources */ = {isa = PBXBuildFile; fileRef = 7F0EC8CC911DC3BA3B6B35D0 /* LinkPreviewStore.swift */; };
		9FF661F7A8B876684C808ABA /* ClipTextMetrics.swift in Sources */ = {isa = PBXBuildFile; fileRef = 2D1D1D4BDEE972ECBE9638BB /* ClipTextMetrics.swift */; };
		A059C330B1FE50F383D4B8C1 /* DemoLibrary.swift in Sources */ = {isa = PBXBuildFile; fileRef = 3A09D9FDB6CD4E42A3FD6798 /* DemoLibrary.swift */; };
		A1E9161416F246EBBD7DE2F4 /* AppController.swift in Sources */ = {isa = PBXBuildFile; fileRef = D19B006E806BE4D43C7A6FDD /* AppController.swift */; };
		A3B363A90313C6DB98E4DFF5 /* BarWindowController.swift in Sources */ = {isa = PBXBuildFile; fileRef = 34662732246579CD381C4999 /* BarWindowController.swift */; };
		A7A4665A659B0ED613F7EE02 /* RichTextFormatting.swift in Sources */ = {isa = PBXBuildFile; fileRef = 8E77177A67C31CEA17EC8DE2 /* RichTextFormatting.swift */; };
		ABDBBE2C159C0BCEAED20883 /* Theme.swift in Sources */ = {isa = PBXBuildFile; fileRef = 0EC0F1687B79C7E3F39C9069 /* Theme.swift */; };
		AE714D5D64780C663019D4BD /* PestyLibrary.swift in Sources */ = {isa = PBXBuildFile; fileRef = 77E33E3B7D291C8C0974B4B0 /* PestyLibrary.swift */; };
		AED48BCDC539B64093F5E12B /* HotkeyRecorderView.swift in Sources */ = {isa = PBXBuildFile; fileRef = F70BD9EF03F604CB2CA19FED /* HotkeyRecorderView.swift */; };
		AF7F0BBA4B41721344D5CBC9 /* container-migration.plist in Resources */ = {isa = PBXBuildFile; fileRef = B8FD7A6BD853BB09AEA3F471 /* container-migration.plist */; };
		B12268EA896C4249BAD07429 /* RichClipPreview.swift in Sources */ = {isa = PBXBuildFile; fileRef = 8A4BFB05D602AE99E39AF938 /* RichClipPreview.swift */; };
		B75C0F1462C6DCF029C8C2AA /* CloudRecordCodec.swift in Sources */ = {isa = PBXBuildFile; fileRef = 0C21231360E91F985D11415C /* CloudRecordCodec.swift */; };
		B9B71CFDA20CE9F07199D982 /* BarView.swift in Sources */ = {isa = PBXBuildFile; fileRef = 66EEBD1CEC80766B0846FE60 /* BarView.swift */; };
		BA6824CDEA8F8F11D8C7FC6B /* TextSearch.swift in Sources */ = {isa = PBXBuildFile; fileRef = 243B5334A3DD4B89FFA9A24E /* TextSearch.swift */; };
		BD71D83025E85D9CC79BD816 /* PestyBoard.swift in Sources */ = {isa = PBXBuildFile; fileRef = 0064D10DB3FB26EEFA3D5D58 /* PestyBoard.swift */; };
		C0EF056B5A2A8A9EEAD74C54 /* CloudRecordCodecTests.swift in Sources */ = {isa = PBXBuildFile; fileRef = B921A251F6B5E78BD2662E38 /* CloudRecordCodecTests.swift */; };
		C3BFFED8976A3CA5981BF40A /* FeedbackSound.swift in Sources */ = {isa = PBXBuildFile; fileRef = BC5F55135067E4D98A156ED6 /* FeedbackSound.swift */; };
		C570DCE49E2A92BC719ED3C9 /* PestyClip.swift in Sources */ = {isa = PBXBuildFile; fileRef = 8A3668CF5CD1A694F35E33B4 /* PestyClip.swift */; };
		C90DE6BF09BF23FF45D3853F /* PestyLibrary.swift in Sources */ = {isa = PBXBuildFile; fileRef = 77E33E3B7D291C8C0974B4B0 /* PestyLibrary.swift */; };
		D214CE646DF58FAD6FCCD8FF /* CloudKitSchema.swift in Sources */ = {isa = PBXBuildFile; fileRef = 5851BD3E56206A4698DBB58C /* CloudKitSchema.swift */; };
		D2232FEA9E55FDD59D3C68ED /* LibraryView.swift in Sources */ = {isa = PBXBuildFile; fileRef = E30C68B3622CA2FE5436A432 /* LibraryView.swift */; };
		D5B043F7FD79497421C4D360 /* PestyClip.swift in Sources */ = {isa = PBXBuildFile; fileRef = 8A3668CF5CD1A694F35E33B4 /* PestyClip.swift */; };
		D9020704FB4C9573175EFE54 /* ClipDragSource.swift in Sources */ = {isa = PBXBuildFile; fileRef = 91015216F5C2EACD9AB3386D /* ClipDragSource.swift */; };
		D97D7992704570B4564378E0 /* ClipboardMonitor.swift in Sources */ = {isa = PBXBuildFile; fileRef = DBB9A0C285884CF8F4F0501D /* ClipboardMonitor.swift */; };
		DCC5ABBE5502FDA4D93FCB63 /* PestyPalette.swift in Sources */ = {isa = PBXBuildFile; fileRef = B7C1FBABC42CC9F760791FDD /* PestyPalette.swift */; };
		E0BE79D7FF4F8F5849595B8A /* NewClipSheet.swift in Sources */ = {isa = PBXBuildFile; fileRef = 5CBEDF0CD12671CD23313265 /* NewClipSheet.swift */; };
		E3F3881D4C684D694D579A97 /* Settings.swift in Sources */ = {isa = PBXBuildFile; fileRef = 278D496362DF767633A3DD65 /* Settings.swift */; };
		E4590E3BB920A1398C324CBE /* LocalLibraryPersistence.swift in Sources */ = {isa = PBXBuildFile; fileRef = 505BE2DA560A90B505607145 /* LocalLibraryPersistence.swift */; };
		EBB2EC61C051A9F9425C788B /* ColorHex.swift in Sources */ = {isa = PBXBuildFile; fileRef = C1E05D10B390E6EFE8C7DDF7 /* ColorHex.swift */; };
		ED792BE941172F46EB4FB636 /* LocalLibraryPersistence.swift in Sources */ = {isa = PBXBuildFile; fileRef = 505BE2DA560A90B505607145 /* LocalLibraryPersistence.swift */; };
		EF5E1693CB4A261EC2C77F84 /* PestyShareExtension.appex in Embed Foundation Extensions */ = {isa = PBXBuildFile; fileRef = 851B34ADC9B0F23ECC379B4C /* PestyShareExtension.appex */; settings = {ATTRIBUTES = (RemoveHeadersOnCopy, ); }; };
		F2BDE965CA56EF53FE8B8F82 /* LocalAssetPersistence.swift in Sources */ = {isa = PBXBuildFile; fileRef = E5CBA2414124315FE3898363 /* LocalAssetPersistence.swift */; };
		F3C7C69E3BF0A454A27FAB2F /* CopyToastController.swift in Sources */ = {isa = PBXBuildFile; fileRef = 671600BCFEEFEEEEB4F80582 /* CopyToastController.swift */; };
		F60CB8A3201DA1F4F6075FAF /* PinboardTabs.swift in Sources */ = {isa = PBXBuildFile; fileRef = 164610E82D1B70A9469E12ED /* PinboardTabs.swift */; };
		FA5D22E89BC158A17C5AC7F9 /* ClipEditor.swift in Sources */ = {isa = PBXBuildFile; fileRef = B91F43115B3721059C2EB6C6 /* ClipEditor.swift */; };
		FD5F6156298B7393F65126F4 /* RootTabView.swift in Sources */ = {isa = PBXBuildFile; fileRef = 096D293DE67A7F36A0247FAD /* RootTabView.swift */; };
/* End PBXBuildFile section */

/* Begin PBXContainerItemProxy section */
		8F446DEA75E4962E3CA64AFA /* PBXContainerItemProxy */ = {
			isa = PBXContainerItemProxy;
			containerPortal = 51ED394A27B65664F435D73F /* Project object */;
			proxyType = 1;
			remoteGlobalIDString = 36D5D524888F7D7490546AE6;
			remoteInfo = PestyWidget;
		};
		F35A6C50135FC003BD1175E8 /* PBXContainerItemProxy */ = {
			isa = PBXContainerItemProxy;
			containerPortal = 51ED394A27B65664F435D73F /* Project object */;
			proxyType = 1;
			remoteGlobalIDString = 8160736EF5C38BB87B9D1904;
			remoteInfo = "Pesty-Alvie";
		};
		FC30508BAEC596C9815BBAC8 /* PBXContainerItemProxy */ = {
			isa = PBXContainerItemProxy;
			containerPortal = 51ED394A27B65664F435D73F /* Project object */;
			proxyType = 1;
			remoteGlobalIDString = 835F2FD8BD091D4F07D5B71E;
			remoteInfo = PestyShareExtension;
		};
/* End PBXContainerItemProxy section */

/* Begin PBXCopyFilesBuildPhase section */
		0213D09E5D159FAFE9170D74 /* Embed Foundation Extensions */ = {
			isa = PBXCopyFilesBuildPhase;
			buildActionMask = 2147483647;
			dstPath = "";
			dstSubfolderSpec = 13;
			files = (
				56503088A1DAEA65B9799288 /* PestyWidget.appex in Embed Foundation Extensions */,
				EF5E1693CB4A261EC2C77F84 /* PestyShareExtension.appex in Embed Foundation Extensions */,
			);
			name = "Embed Foundation Extensions";
			runOnlyForDeploymentPostprocessing = 0;
		};
/* End PBXCopyFilesBuildPhase section */

/* Begin PBXFileReference section */
		0064D10DB3FB26EEFA3D5D58 /* PestyBoard.swift */ = {isa = PBXFileReference; lastKnownFileType = sourcecode.swift; path = PestyBoard.swift; sourceTree = "<group>"; };
		011314A09DBE2E72AC7E79B9 /* Info.plist */ = {isa = PBXFileReference; lastKnownFileType = text.plist; path = Info.plist; sourceTree = "<group>"; };
		02B70E10BD4D2C098C3D2D2A /* LibraryStore.swift */ = {isa = PBXFileReference; lastKnownFileType = sourcecode.swift; path = LibraryStore.swift; sourceTree = "<group>"; };
		096D293DE67A7F36A0247FAD /* RootTabView.swift */ = {isa = PBXFileReference; lastKnownFileType = sourcecode.swift; path = RootTabView.swift; sourceTree = "<group>"; };
		0C21231360E91F985D11415C /* CloudRecordCodec.swift */ = {isa = PBXFileReference; lastKnownFileType = sourcecode.swift; path = CloudRecordCodec.swift; sourceTree = "<group>"; };
		0DD8994F09EF4A043FBF8A12 /* SettingsView.swift */ = {isa = PBXFileReference; lastKnownFileType = sourcecode.swift; path = SettingsView.swift; sourceTree = "<group>"; };
		0EC0F1687B79C7E3F39C9069 /* Theme.swift */ = {isa = PBXFileReference; lastKnownFileType = sourcecode.swift; path = Theme.swift; sourceTree = "<group>"; };
		115BB3D5E2F066A1F3E0D04E /* AppIdentity.swift */ = {isa = PBXFileReference; lastKnownFileType = sourcecode.swift; path = AppIdentity.swift; sourceTree = "<group>"; };
		164610E82D1B70A9469E12ED /* PinboardTabs.swift */ = {isa = PBXFileReference; lastKnownFileType = sourcecode.swift; path = PinboardTabs.swift; sourceTree = "<group>"; };
		1650E3A260B19A8716F88D60 /* Assets.xcassets */ = {isa = PBXFileReference; lastKnownFileType = folder.assetcatalog; path = Assets.xcassets; sourceTree = "<group>"; };
		205E76D4A65BD7915E7E45AE /* PasteStackView.swift */ = {isa = PBXFileReference; lastKnownFileType = sourcecode.swift; path = PasteStackView.swift; sourceTree = "<group>"; };
		243B5334A3DD4B89FFA9A24E /* TextSearch.swift */ = {isa = PBXFileReference; lastKnownFileType = sourcecode.swift; path = TextSearch.swift; sourceTree = "<group>"; };
		278D496362DF767633A3DD65 /* Settings.swift */ = {isa = PBXFileReference; lastKnownFileType = sourcecode.swift; path = Settings.swift; sourceTree = "<group>"; };
		28F66E6017390DDFDAB256BF /* ClipboardWriter.swift */ = {isa = PBXFileReference; lastKnownFileType = sourcecode.swift; path = ClipboardWriter.swift; sourceTree = "<group>"; };
		2C0ECBC649762263FE651AE5 /* ClipDragProvider.swift */ = {isa = PBXFileReference; lastKnownFileType = sourcecode.swift; path = ClipDragProvider.swift; sourceTree = "<group>"; };
		2C9EA2E93E786090C49202A0 /* InlinePreviewWindowController.swift */ = {isa = PBXFileReference; lastKnownFileType = sourcecode.swift; path = InlinePreviewWindowController.swift; sourceTree = "<group>"; };
		2D1D1D4BDEE972ECBE9638BB /* ClipTextMetrics.swift */ = {isa = PBXFileReference; lastKnownFileType = sourcecode.swift; path = ClipTextMetrics.swift; sourceTree = "<group>"; };
		2F5F9C9D06C277401C4BF3E7 /* FormatConverter.swift */ = {isa = PBXFileReference; lastKnownFileType = sourcecode.swift; path = FormatConverter.swift; sourceTree = "<group>"; };
		341D2CCACB6EEF160B5B9789 /* PestyWidget.appex */ = {isa = PBXFileReference; includeInIndex = 0; lastKnownFileType = "wrapper.app-extension"; path = PestyWidget.appex; sourceTree = BUILT_PRODUCTS_DIR; };
		34662732246579CD381C4999 /* BarWindowController.swift */ = {isa = PBXFileReference; lastKnownFileType = sourcecode.swift; path = BarWindowController.swift; sourceTree = "<group>"; };
		3A09D9FDB6CD4E42A3FD6798 /* DemoLibrary.swift */ = {isa = PBXFileReference; lastKnownFileType = sourcecode.swift; path = DemoLibrary.swift; sourceTree = "<group>"; };
		3ABA1F9B99CAC026D3CDC438 /* ClipItem.swift */ = {isa = PBXFileReference; lastKnownFileType = sourcecode.swift; path = ClipItem.swift; sourceTree = "<group>"; };
		3C27DEFCE6641B416B7F6B94 /* BarSearchField.swift */ = {isa = PBXFileReference; lastKnownFileType = sourcecode.swift; path = BarSearchField.swift; sourceTree = "<group>"; };
		3E3EC460593477C4A60E4206 /* SourceColor.swift */ = {isa = PBXFileReference; lastKnownFileType = sourcecode.swift; path = SourceColor.swift; sourceTree = "<group>"; };
		40E80A569B4A0A90DC449E6F /* PestyWidget.swift */ = {isa = PBXFileReference; lastKnownFileType = sourcecode.swift; path = PestyWidget.swift; sourceTree = "<group>"; };
		4AFE82B60E1ACF152CB70BF6 /* VisualEffectView.swift */ = {isa = PBXFileReference; lastKnownFileType = sourcecode.swift; path = VisualEffectView.swift; sourceTree = "<group>"; };
		4D24BE4E5B5C47893A3A1D57 /* BoardsView.swift */ = {isa = PBXFileReference; lastKnownFileType = sourcecode.swift; path = BoardsView.swift; sourceTree = "<group>"; };
		505BE2DA560A90B505607145 /* LocalLibraryPersistence.swift */ = {isa = PBXFileReference; lastKnownFileType = sourcecode.swift; path = LocalLibraryPersistence.swift; sourceTree = "<group>"; };
		580FE41A03F8A8F1E4FCC9EB /* Pesty-Alvie.entitlements */ = {isa = PBXFileReference; lastKnownFileType = text.plist.entitlements; path = "Pesty-Alvie.entitlements"; sourceTree = "<group>"; };
		5851BD3E56206A4698DBB58C /* CloudKitSchema.swift */ = {isa = PBXFileReference; lastKnownFileType = sourcecode.swift; path = CloudKitSchema.swift; sourceTree = "<group>"; };
		5BF99A45C59B4D34F2D7BDEF /* ClipPreviewWindowView.swift */ = {isa = PBXFileReference; lastKnownFileType = sourcecode.swift; path = ClipPreviewWindowView.swift; sourceTree = "<group>"; };
		5CBEDF0CD12671CD23313265 /* NewClipSheet.swift */ = {isa = PBXFileReference; lastKnownFileType = sourcecode.swift; path = NewClipSheet.swift; sourceTree = "<group>"; };
		5D13ADA85AEC6491F010174F /* Info.plist */ = {isa = PBXFileReference; lastKnownFileType = text.plist; path = Info.plist; sourceTree = "<group>"; };
		5D3DD8B9BEE2EE8592077F63 /* Pinboard.swift */ = {isa = PBXFileReference; lastKnownFileType = sourcecode.swift; path = Pinboard.swift; sourceTree = "<group>"; };
		5FA1C2100AFC1AC5774F8297 /* CloudRecordCodec.swift */ = {isa = PBXFileReference; lastKnownFileType = sourcecode.swift; path = CloudRecordCodec.swift; sourceTree = "<group>"; };
		66EEBD1CEC80766B0846FE60 /* BarView.swift */ = {isa = PBXFileReference; lastKnownFileType = sourcecode.swift; path = BarView.swift; sourceTree = "<group>"; };
		671600BCFEEFEEEEB4F80582 /* CopyToastController.swift */ = {isa = PBXFileReference; lastKnownFileType = sourcecode.swift; path = CopyToastController.swift; sourceTree = "<group>"; };
		6B79EF3CE88172A6D37FC715 /* PasteService.swift */ = {isa = PBXFileReference; lastKnownFileType = sourcecode.swift; path = PasteService.swift; sourceTree = "<group>"; };
		718999F596F1B01F6CBFD846 /* HorizontalScrollWheelSupport.swift */ = {isa = PBXFileReference; lastKnownFileType = sourcecode.swift; path = HorizontalScrollWheelSupport.swift; sourceTree = "<group>"; };
		75149CE53884A3C8277AF2B5 /* Info.plist */ = {isa = PBXFileReference; lastKnownFileType = text.plist; path = Info.plist; sourceTree = "<group>"; };
		77E33E3B7D291C8C0974B4B0 /* PestyLibrary.swift */ = {isa = PBXFileReference; lastKnownFileType = sourcecode.swift; path = PestyLibrary.swift; sourceTree = "<group>"; };
		780B9136E1189BACA570D915 /* Pesty-Alvie.icns */ = {isa = PBXFileReference; lastKnownFileType = image.icns; path = "Pesty-Alvie.icns"; sourceTree = "<group>"; };
		7DFABE8F13CB8A382671FC74 /* Pesty-Alvie.app */ = {isa = PBXFileReference; includeInIndex = 0; lastKnownFileType = wrapper.application; path = "Pesty-Alvie.app"; sourceTree = BUILT_PRODUCTS_DIR; };
		7F0EC8CC911DC3BA3B6B35D0 /* LinkPreviewStore.swift */ = {isa = PBXFileReference; lastKnownFileType = sourcecode.swift; path = LinkPreviewStore.swift; sourceTree = "<group>"; };
		851B34ADC9B0F23ECC379B4C /* PestyShareExtension.appex */ = {isa = PBXFileReference; includeInIndex = 0; lastKnownFileType = "wrapper.app-extension"; path = PestyShareExtension.appex; sourceTree = BUILT_PRODUCTS_DIR; };
		8628C1ED94EC25E07D64EAB0 /* ClipboardStore.swift */ = {isa = PBXFileReference; lastKnownFileType = sourcecode.swift; path = ClipboardStore.swift; sourceTree = "<group>"; };
		864A35049FBB361612B5A0DC /* ClipDeletionLedger.swift */ = {isa = PBXFileReference; lastKnownFileType = sourcecode.swift; path = ClipDeletionLedger.swift; sourceTree = "<group>"; };
		86C8E1BAB1888A61AD30AA3E /* ShareViewController.swift */ = {isa = PBXFileReference; lastKnownFileType = sourcecode.swift; path = ShareViewController.swift; sourceTree = "<group>"; };
		89FAC6B477E246B4103A4BC2 /* PestyAlvieApp.swift */ = {isa = PBXFileReference; lastKnownFileType = sourcecode.swift; path = PestyAlvieApp.swift; sourceTree = "<group>"; };
		8A3668CF5CD1A694F35E33B4 /* PestyClip.swift */ = {isa = PBXFileReference; lastKnownFileType = sourcecode.swift; path = PestyClip.swift; sourceTree = "<group>"; };
		8A4BFB05D602AE99E39AF938 /* RichClipPreview.swift */ = {isa = PBXFileReference; lastKnownFileType = sourcecode.swift; path = RichClipPreview.swift; sourceTree = "<group>"; };
		8B93B672FDBE922F008CBC8D /* Main.swift */ = {isa = PBXFileReference; lastKnownFileType = sourcecode.swift; path = Main.swift; sourceTree = "<group>"; };
		8BE43723E3248BE23A07B84B /* FormatConverter.swift */ = {isa = PBXFileReference; lastKnownFileType = sourcecode.swift; path = FormatConverter.swift; sourceTree = "<group>"; };
		8E77177A67C31CEA17EC8DE2 /* RichTextFormatting.swift */ = {isa = PBXFileReference; lastKnownFileType = sourcecode.swift; path = RichTextFormatting.swift; sourceTree = "<group>"; };
		907433182EF9C7B49F88AC9E /* PestyLibraryTests.swift */ = {isa = PBXFileReference; lastKnownFileType = sourcecode.swift; path = PestyLibraryTests.swift; sourceTree = "<group>"; };
		91015216F5C2EACD9AB3386D /* ClipDragSource.swift */ = {isa = PBXFileReference; lastKnownFileType = sourcecode.swift; path = ClipDragSource.swift; sourceTree = "<group>"; };
		9AEE0779AA154B7EEF0B17DB /* InlinePreviewExternalOpener.swift */ = {isa = PBXFileReference; lastKnownFileType = sourcecode.swift; path = InlinePreviewExternalOpener.swift; sourceTree = "<group>"; };
		9FB197CE59B83F88363DC8CC /* ClipSelection.swift */ = {isa = PBXFileReference; lastKnownFileType = sourcecode.swift; path = ClipSelection.swift; sourceTree = "<group>"; };
		A580A55CDABFC5803836A241 /* MacPestyStoreImporter.swift */ = {isa = PBXFileReference; lastKnownFileType = sourcecode.swift; path = MacPestyStoreImporter.swift; sourceTree = "<group>"; };
		A5F771120141E22ECC51B228 /* PasteStackDeckCard.swift */ = {isa = PBXFileReference; lastKnownFileType = sourcecode.swift; path = PasteStackDeckCard.swift; sourceTree = "<group>"; };
		AA65F034BD491F88EF5857D1 /* LaunchAtLogin.swift */ = {isa = PBXFileReference; lastKnownFileType = sourcecode.swift; path = LaunchAtLogin.swift; sourceTree = "<group>"; };
		ABD7189F1830FFFB6777F752 /* Pesty-Alvie-Mac.app */ = {isa = PBXFileReference; explicitFileType = wrapper.application; includeInIndex = 0; path = "Pesty-Alvie-Mac.app"; sourceTree = BUILT_PRODUCTS_DIR; };
		B5E29E410854C183F4E75731 /* PestyShareExtension.entitlements */ = {isa = PBXFileReference; lastKnownFileType = text.plist.entitlements; path = PestyShareExtension.entitlements; sourceTree = "<group>"; };
		B7C1FBABC42CC9F760791FDD /* PestyPalette.swift */ = {isa = PBXFileReference; lastKnownFileType = sourcecode.swift; path = PestyPalette.swift; sourceTree = "<group>"; };
		B8FD7A6BD853BB09AEA3F471 /* container-migration.plist */ = {isa = PBXFileReference; lastKnownFileType = text.plist; path = "container-migration.plist"; sourceTree = "<group>"; };
		B91F43115B3721059C2EB6C6 /* ClipEditor.swift */ = {isa = PBXFileReference; lastKnownFileType = sourcecode.swift; path = ClipEditor.swift; sourceTree = "<group>"; };
		B921A251F6B5E78BD2662E38 /* CloudRecordCodecTests.swift */ = {isa = PBXFileReference; lastKnownFileType = sourcecode.swift; path = CloudRecordCodecTests.swift; sourceTree = "<group>"; };
		BA23008C43CF47F4FE5E2928 /* CloudSyncService.swift */ = {isa = PBXFileReference; lastKnownFileType = sourcecode.swift; path = CloudSyncService.swift; sourceTree = "<group>"; };
		BA657A2321898DC93398FD33 /* ClipType.swift */ = {isa = PBXFileReference; lastKnownFileType = sourcecode.swift; path = ClipType.swift; sourceTree = "<group>"; };
		BC5F55135067E4D98A156ED6 /* FeedbackSound.swift */ = {isa = PBXFileReference; lastKnownFileType = sourcecode.swift; path = FeedbackSound.swift; sourceTree = "<group>"; };
		BCA6847010C3A279BF736638 /* PasteStackWindowController.swift */ = {isa = PBXFileReference; lastKnownFileType = sourcecode.swift; path = PasteStackWindowController.swift; sourceTree = "<group>"; };
		BF6E78124C97CFE53EAF2ECC /* ClipCardView.swift */ = {isa = PBXFileReference; lastKnownFileType = sourcecode.swift; path = ClipCardView.swift; sourceTree = "<group>"; };
		C1E05D10B390E6EFE8C7DDF7 /* ColorHex.swift */ = {isa = PBXFileReference; lastKnownFileType = sourcecode.swift; path = ColorHex.swift; sourceTree = "<group>"; };
		C7C4A38F9C67F85D0C08B7DE /* ClipDetailView.swift */ = {isa = PBXFileReference; lastKnownFileType = sourcecode.swift; path = ClipDetailView.swift; sourceTree = "<group>"; };
		C8DA3F166C54640BABB54762 /* Pesty-AlvieTests.xctest */ = {isa = PBXFileReference; includeInIndex = 0; lastKnownFileType = wrapper.cfbundle; path = "Pesty-AlvieTests.xctest"; sourceTree = BUILT_PRODUCTS_DIR; };
		D148631772ACF5DE3ACD5C8C /* DemoSeed.swift */ = {isa = PBXFileReference; lastKnownFileType = sourcecode.swift; path = DemoSeed.swift; sourceTree = "<group>"; };
		D19B006E806BE4D43C7A6FDD /* AppController.swift */ = {isa = PBXFileReference; lastKnownFileType = sourcecode.swift; path = AppController.swift; sourceTree = "<group>"; };
		D95F70AAEE440B10D056214F /* LibrarySyncing.swift */ = {isa = PBXFileReference; lastKnownFileType = sourcecode.swift; path = LibrarySyncing.swift; sourceTree = "<group>"; };
		DBB9A0C285884CF8F4F0501D /* ClipboardMonitor.swift */ = {isa = PBXFileReference; lastKnownFileType = sourcecode.swift; path = ClipboardMonitor.swift; sourceTree = "<group>"; };
		DDB22979AA83D400DE7FB740 /* HotKeyCenter.swift */ = {isa = PBXFileReference; lastKnownFileType = sourcecode.swift; path = HotKeyCenter.swift; sourceTree = "<group>"; };
		DF164BD1ADB99B47EFBF1394 /* QuickLookService.swift */ = {isa = PBXFileReference; lastKnownFileType = sourcecode.swift; path = QuickLookService.swift; sourceTree = "<group>"; };
		E30C68B3622CA2FE5436A432 /* LibraryView.swift */ = {isa = PBXFileReference; lastKnownFileType = sourcecode.swift; path = LibraryView.swift; sourceTree = "<group>"; };
		E59A6C7BD419753C4D4491D4 /* Contrast.swift */ = {isa = PBXFileReference; lastKnownFileType = sourcecode.swift; path = Contrast.swift; sourceTree = "<group>"; };
		E5CBA2414124315FE3898363 /* LocalAssetPersistence.swift */ = {isa = PBXFileReference; lastKnownFileType = sourcecode.swift; path = LocalAssetPersistence.swift; sourceTree = "<group>"; };
		E6A3E03A520D8DDC8CA5D886 /* PasteSequence.swift */ = {isa = PBXFileReference; lastKnownFileType = sourcecode.swift; path = PasteSequence.swift; sourceTree = "<group>"; };
		E718B0FC32C19F23818D11E4 /* CompanionSettingsView.swift */ = {isa = PBXFileReference; lastKnownFileType = sourcecode.swift; path = CompanionSettingsView.swift; sourceTree = "<group>"; };
		E7D05500755A39C1BD609039 /* PestyWidget.entitlements */ = {isa = PBXFileReference; lastKnownFileType = text.plist.entitlements; path = PestyWidget.entitlements; sourceTree = "<group>"; };
		EB475510E4B4020C68A5DE3E /* ClipKind.swift */ = {isa = PBXFileReference; lastKnownFileType = sourcecode.swift; path = ClipKind.swift; sourceTree = "<group>"; };
		F239C5A86777A63B1264CD35 /* FileThumbnailProvider.swift */ = {isa = PBXFileReference; lastKnownFileType = sourcecode.swift; path = FileThumbnailProvider.swift; sourceTree = "<group>"; };
		F4FBF0CC39EC1465F74F25E2 /* CloudKitSchema.swift */ = {isa = PBXFileReference; lastKnownFileType = sourcecode.swift; path = CloudKitSchema.swift; sourceTree = "<group>"; };
		F70BD9EF03F604CB2CA19FED /* HotkeyRecorderView.swift */ = {isa = PBXFileReference; lastKnownFileType = sourcecode.swift; path = HotkeyRecorderView.swift; sourceTree = "<group>"; };
		F8DEF7E9BE08C69A2108553C /* AppIconProvider.swift */ = {isa = PBXFileReference; lastKnownFileType = sourcecode.swift; path = AppIconProvider.swift; sourceTree = "<group>"; };
		F95AA2A00B8301E4A40D4FFB /* BarHeightGhostController.swift */ = {isa = PBXFileReference; lastKnownFileType = sourcecode.swift; path = BarHeightGhostController.swift; sourceTree = "<group>"; };
		FF2DE9B17572237136A84F0D /* ClipPreviewViews.swift */ = {isa = PBXFileReference; lastKnownFileType = sourcecode.swift; path = ClipPreviewViews.swift; sourceTree = "<group>"; };
/* End PBXFileReference section */

/* Begin PBXGroup section */
		099E4A4303355A2759EB517B /* App */ = {
			isa = PBXGroup;
			children = (
				89FAC6B477E246B4103A4BC2 /* PestyAlvieApp.swift */,
			);
			path = App;
			sourceTree = "<group>";
		};
		0A7BCB08401B130F9CED4D5B /* Util */ = {
			isa = PBXGroup;
			children = (
				F8DEF7E9BE08C69A2108553C /* AppIconProvider.swift */,
				2C0ECBC649762263FE651AE5 /* ClipDragProvider.swift */,
				2D1D1D4BDEE972ECBE9638BB /* ClipTextMetrics.swift */,
				C1E05D10B390E6EFE8C7DDF7 /* ColorHex.swift */,
				E59A6C7BD419753C4D4491D4 /* Contrast.swift */,
				D148631772ACF5DE3ACD5C8C /* DemoSeed.swift */,
				BC5F55135067E4D98A156ED6 /* FeedbackSound.swift */,
				F239C5A86777A63B1264CD35 /* FileThumbnailProvider.swift */,
				8BE43723E3248BE23A07B84B /* FormatConverter.swift */,
				9AEE0779AA154B7EEF0B17DB /* InlinePreviewExternalOpener.swift */,
				AA65F034BD491F88EF5857D1 /* LaunchAtLogin.swift */,
				7F0EC8CC911DC3BA3B6B35D0 /* LinkPreviewStore.swift */,
				DF164BD1ADB99B47EFBF1394 /* QuickLookService.swift */,
				8E77177A67C31CEA17EC8DE2 /* RichTextFormatting.swift */,
				3E3EC460593477C4A60E4206 /* SourceColor.swift */,
				243B5334A3DD4B89FFA9A24E /* TextSearch.swift */,
				4AFE82B60E1ACF152CB70BF6 /* VisualEffectView.swift */,
			);
			path = Util;
			sourceTree = "<group>";
		};
		0B37300F85DBD33B8C327041 /* Resources */ = {
			isa = PBXGroup;
			children = (
				1650E3A260B19A8716F88D60 /* Assets.xcassets */,
				75149CE53884A3C8277AF2B5 /* Info.plist */,
				580FE41A03F8A8F1E4FCC9EB /* Pesty-Alvie.entitlements */,
			);
			path = Resources;
			sourceTree = "<group>";
		};
		1B172510C00B0A08510870CA /* UI */ = {
			isa = PBXGroup;
			children = (
				F95AA2A00B8301E4A40D4FFB /* BarHeightGhostController.swift */,
				3C27DEFCE6641B416B7F6B94 /* BarSearchField.swift */,
				66EEBD1CEC80766B0846FE60 /* BarView.swift */,
				34662732246579CD381C4999 /* BarWindowController.swift */,
				BF6E78124C97CFE53EAF2ECC /* ClipCardView.swift */,
				91015216F5C2EACD9AB3386D /* ClipDragSource.swift */,
				B91F43115B3721059C2EB6C6 /* ClipEditor.swift */,
				FF2DE9B17572237136A84F0D /* ClipPreviewViews.swift */,
				5BF99A45C59B4D34F2D7BDEF /* ClipPreviewWindowView.swift */,
				671600BCFEEFEEEEB4F80582 /* CopyToastController.swift */,
				718999F596F1B01F6CBFD846 /* HorizontalScrollWheelSupport.swift */,
				2C9EA2E93E786090C49202A0 /* InlinePreviewWindowController.swift */,
				A5F771120141E22ECC51B228 /* PasteStackDeckCard.swift */,
				205E76D4A65BD7915E7E45AE /* PasteStackView.swift */,
				BCA6847010C3A279BF736638 /* PasteStackWindowController.swift */,
				164610E82D1B70A9469E12ED /* PinboardTabs.swift */,
				0EC0F1687B79C7E3F39C9069 /* Theme.swift */,
			);
			path = UI;
			sourceTree = "<group>";
		};
		2F976827639AFB467889EFE9 /* packaging */ = {
			isa = PBXGroup;
			children = (
				780B9136E1189BACA570D915 /* Pesty-Alvie.icns */,
			);
			name = packaging;
			path = ../packaging;
			sourceTree = "<group>";
		};
		358EA3B57C36C6E49C82DFE8 /* Resources */ = {
			isa = PBXGroup;
			children = (
				B8FD7A6BD853BB09AEA3F471 /* container-migration.plist */,
			);
			name = Resources;
			path = "Pesty-Alvie-Mac/Resources";
			sourceTree = "<group>";
		};
		3BC72FFCC19DFFD903485B0A /* Tests */ = {
			isa = PBXGroup;
			children = (
				B921A251F6B5E78BD2662E38 /* CloudRecordCodecTests.swift */,
				907433182EF9C7B49F88AC9E /* PestyLibraryTests.swift */,
			);
			name = Tests;
			path = "Pesty-Alvie/Tests";
			sourceTree = "<group>";
		};
		573B557434EEA8906A7ACC2A /* PestyWidget */ = {
			isa = PBXGroup;
			children = (
				5D13ADA85AEC6491F010174F /* Info.plist */,
				E7D05500755A39C1BD609039 /* PestyWidget.entitlements */,
				40E80A569B4A0A90DC449E6F /* PestyWidget.swift */,
			);
			path = PestyWidget;
			sourceTree = "<group>";
		};
		598A95973EB0FFF67F139F8A /* Domain */ = {
			isa = PBXGroup;
			children = (
				EB475510E4B4020C68A5DE3E /* ClipKind.swift */,
				3A09D9FDB6CD4E42A3FD6798 /* DemoLibrary.swift */,
				2F5F9C9D06C277401C4BF3E7 /* FormatConverter.swift */,
				A580A55CDABFC5803836A241 /* MacPestyStoreImporter.swift */,
				0064D10DB3FB26EEFA3D5D58 /* PestyBoard.swift */,
				8A3668CF5CD1A694F35E33B4 /* PestyClip.swift */,
				77E33E3B7D291C8C0974B4B0 /* PestyLibrary.swift */,
			);
			path = Domain;
			sourceTree = "<group>";
		};
		5B54D1F77EC3D95FF9894179 /* Store */ = {
			isa = PBXGroup;
			children = (
				28F66E6017390DDFDAB256BF /* ClipboardWriter.swift */,
				02B70E10BD4D2C098C3D2D2A /* LibraryStore.swift */,
				E5CBA2414124315FE3898363 /* LocalAssetPersistence.swift */,
				505BE2DA560A90B505607145 /* LocalLibraryPersistence.swift */,
			);
			path = Store;
			sourceTree = "<group>";
		};
		76BEAA2CE06E45C0E46484CE /* Models */ = {
			isa = PBXGroup;
			children = (
				3ABA1F9B99CAC026D3CDC438 /* ClipItem.swift */,
				BA657A2321898DC93398FD33 /* ClipType.swift */,
				5D3DD8B9BEE2EE8592077F63 /* Pinboard.swift */,
			);
			path = Models;
			sourceTree = "<group>";
		};
		77206766B0DFB04D0652E8E3 /* PestyShareExtension */ = {
			isa = PBXGroup;
			children = (
				011314A09DBE2E72AC7E79B9 /* Info.plist */,
				B5E29E410854C183F4E75731 /* PestyShareExtension.entitlements */,
				86C8E1BAB1888A61AD30AA3E /* ShareViewController.swift */,
			);
			path = PestyShareExtension;
			sourceTree = "<group>";
		};
		8EBA94996C71803AD5A620CA /* Products */ = {
			isa = PBXGroup;
			children = (
				ABD7189F1830FFFB6777F752 /* Pesty-Alvie-Mac.app */,
				7DFABE8F13CB8A382671FC74 /* Pesty-Alvie.app */,
				C8DA3F166C54640BABB54762 /* Pesty-AlvieTests.xctest */,
				851B34ADC9B0F23ECC379B4C /* PestyShareExtension.appex */,
				341D2CCACB6EEF160B5B9789 /* PestyWidget.appex */,
			);
			name = Products;
			sourceTree = "<group>";
		};
		98D1FC467469E0AAC240904E /* Store */ = {
			isa = PBXGroup;
			children = (
				8628C1ED94EC25E07D64EAB0 /* ClipboardStore.swift */,
				864A35049FBB361612B5A0DC /* ClipDeletionLedger.swift */,
				9FB197CE59B83F88363DC8CC /* ClipSelection.swift */,
				E6A3E03A520D8DDC8CA5D886 /* PasteSequence.swift */,
			);
			path = Store;
			sourceTree = "<group>";
		};
		9BD2F5C313044FD1154473C8 /* Sync */ = {
			isa = PBXGroup;
			children = (
				F4FBF0CC39EC1465F74F25E2 /* CloudKitSchema.swift */,
				5FA1C2100AFC1AC5774F8297 /* CloudRecordCodec.swift */,
				D95F70AAEE440B10D056214F /* LibrarySyncing.swift */,
			);
			path = Sync;
			sourceTree = "<group>";
		};
		A436D141DA5D0091276C400A /* Sync */ = {
			isa = PBXGroup;
			children = (
				5851BD3E56206A4698DBB58C /* CloudKitSchema.swift */,
				0C21231360E91F985D11415C /* CloudRecordCodec.swift */,
				BA23008C43CF47F4FE5E2928 /* CloudSyncService.swift */,
			);
			path = Sync;
			sourceTree = "<group>";
		};
		AC71C4FDC615AB3BA0D9CA18 /* Monitor */ = {
			isa = PBXGroup;
			children = (
				DBB9A0C285884CF8F4F0501D /* ClipboardMonitor.swift */,
				6B79EF3CE88172A6D37FC715 /* PasteService.swift */,
			);
			path = Monitor;
			sourceTree = "<group>";
		};
		AF8B70CEA42DD1D49FF90AD4 /* UI */ = {
			isa = PBXGroup;
			children = (
				4D24BE4E5B5C47893A3A1D57 /* BoardsView.swift */,
				C7C4A38F9C67F85D0C08B7DE /* ClipDetailView.swift */,
				E718B0FC32C19F23818D11E4 /* CompanionSettingsView.swift */,
				E30C68B3622CA2FE5436A432 /* LibraryView.swift */,
				5CBEDF0CD12671CD23313265 /* NewClipSheet.swift */,
				B7C1FBABC42CC9F760791FDD /* PestyPalette.swift */,
				8A4BFB05D602AE99E39AF938 /* RichClipPreview.swift */,
				096D293DE67A7F36A0247FAD /* RootTabView.swift */,
			);
			path = UI;
			sourceTree = "<group>";
		};
		C0BFA4DB64D481AF54ABDA30 /* Pesty-Mac */ = {
			isa = PBXGroup;
			children = (
				D19B006E806BE4D43C7A6FDD /* AppController.swift */,
				115BB3D5E2F066A1F3E0D04E /* AppIdentity.swift */,
				8B93B672FDBE922F008CBC8D /* Main.swift */,
				D2B41869B43CF8C03975E7C5 /* Hotkey */,
				76BEAA2CE06E45C0E46484CE /* Models */,
				AC71C4FDC615AB3BA0D9CA18 /* Monitor */,
				E9926CD429A461866CCE75BF /* Settings */,
				98D1FC467469E0AAC240904E /* Store */,
				A436D141DA5D0091276C400A /* Sync */,
				1B172510C00B0A08510870CA /* UI */,
				0A7BCB08401B130F9CED4D5B /* Util */,
			);
			name = "Pesty-Mac";
			path = ../Sources/Pesty;
			sourceTree = "<group>";
		};
		D2B41869B43CF8C03975E7C5 /* Hotkey */ = {
			isa = PBXGroup;
			children = (
				DDB22979AA83D400DE7FB740 /* HotKeyCenter.swift */,
			);
			path = Hotkey;
			sourceTree = "<group>";
		};
		E1368CB2ECB6B731EF53EB16 = {
			isa = PBXGroup;
			children = (
				2F976827639AFB467889EFE9 /* packaging */,
				F3FA90F958EB7C8B06E384A9 /* Pesty-Alvie */,
				C0BFA4DB64D481AF54ABDA30 /* Pesty-Mac */,
				77206766B0DFB04D0652E8E3 /* PestyShareExtension */,
				573B557434EEA8906A7ACC2A /* PestyWidget */,
				358EA3B57C36C6E49C82DFE8 /* Resources */,
				3BC72FFCC19DFFD903485B0A /* Tests */,
				8EBA94996C71803AD5A620CA /* Products */,
			);
			sourceTree = "<group>";
		};
		E9926CD429A461866CCE75BF /* Settings */ = {
			isa = PBXGroup;
			children = (
				F70BD9EF03F604CB2CA19FED /* HotkeyRecorderView.swift */,
				278D496362DF767633A3DD65 /* Settings.swift */,
				0DD8994F09EF4A043FBF8A12 /* SettingsView.swift */,
			);
			path = Settings;
			sourceTree = "<group>";
		};
		F3FA90F958EB7C8B06E384A9 /* Pesty-Alvie */ = {
			isa = PBXGroup;
			children = (
				099E4A4303355A2759EB517B /* App */,
				598A95973EB0FFF67F139F8A /* Domain */,
				0B37300F85DBD33B8C327041 /* Resources */,
				5B54D1F77EC3D95FF9894179 /* Store */,
				9BD2F5C313044FD1154473C8 /* Sync */,
				AF8B70CEA42DD1D49FF90AD4 /* UI */,
			);
			path = "Pesty-Alvie";
			sourceTree = "<group>";
		};
/* End PBXGroup section */

/* Begin PBXNativeTarget section */
		36D5D524888F7D7490546AE6 /* PestyWidget */ = {
			isa = PBXNativeTarget;
			buildConfigurationList = AE749260C3C3BF2854EE4A0F /* Build configuration list for PBXNativeTarget "PestyWidget" */;
			buildPhases = (
				B6FEC9CF21091AD1A21CBFCF /* Sources */,
			);
			buildRules = (
			);
			dependencies = (
			);
			name = PestyWidget;
			packageProductDependencies = (
			);
			productName = PestyWidget;
			productReference = 341D2CCACB6EEF160B5B9789 /* PestyWidget.appex */;
			productType = "com.apple.product-type.app-extension";
		};
		38B3CC0EE3DB8D5A947E165E /* Pesty-Alvie-Mac */ = {
			isa = PBXNativeTarget;
			buildConfigurationList = 96AA9D90FAD8905A275DFAD0 /* Build configuration list for PBXNativeTarget "Pesty-Alvie-Mac" */;
			buildPhases = (
				A14F766BA3342CB091E9C751 /* Generate app icon if missing */,
				4133EED7380284B2B806DE19 /* Sources */,
				2FA077FC8FC7B5E282856687 /* Resources */,
			);
			buildRules = (
			);
			dependencies = (
			);
			name = "Pesty-Alvie-Mac";
			packageProductDependencies = (
			);
			productName = "Pesty-Alvie-Mac";
			productReference = ABD7189F1830FFFB6777F752 /* Pesty-Alvie-Mac.app */;
			productType = "com.apple.product-type.application";
		};
		8160736EF5C38BB87B9D1904 /* Pesty-Alvie */ = {
			isa = PBXNativeTarget;
			buildConfigurationList = 4BB243A3B14A80A588A52C8A /* Build configuration list for PBXNativeTarget "Pesty-Alvie" */;
			buildPhases = (
				B4CE1F21530718BB77E0B3E0 /* Sources */,
				A959AE277E2190287E8ABFE2 /* Resources */,
				0213D09E5D159FAFE9170D74 /* Embed Foundation Extensions */,
			);
			buildRules = (
			);
			dependencies = (
				C30A5488C7903CC75C963A2B /* PBXTargetDependency */,
				66CF0679390DFBFEB74A4DFE /* PBXTargetDependency */,
			);
			name = "Pesty-Alvie";
			packageProductDependencies = (
			);
			productName = "Pesty-Alvie";
			productReference = 7DFABE8F13CB8A382671FC74 /* Pesty-Alvie.app */;
			productType = "com.apple.product-type.application";
		};
		835F2FD8BD091D4F07D5B71E /* PestyShareExtension */ = {
			isa = PBXNativeTarget;
			buildConfigurationList = BBADDD183980D1A190576736 /* Build configuration list for PBXNativeTarget "PestyShareExtension" */;
			buildPhases = (
				B17634AEE168B2B544CFB5B4 /* Sources */,
			);
			buildRules = (
			);
			dependencies = (
			);
			name = PestyShareExtension;
			packageProductDependencies = (
			);
			productName = PestyShareExtension;
			productReference = 851B34ADC9B0F23ECC379B4C /* PestyShareExtension.appex */;
			productType = "com.apple.product-type.app-extension";
		};
		A43F12528006AB03B3C8CF69 /* Pesty-AlvieTests */ = {
			isa = PBXNativeTarget;
			buildConfigurationList = 694AF159F9D02EF2391584FA /* Build configuration list for PBXNativeTarget "Pesty-AlvieTests" */;
			buildPhases = (
				639799DC1476999C1E48BCD7 /* Sources */,
			);
			buildRules = (
			);
			dependencies = (
				AF981075C4BAB12342221587 /* PBXTargetDependency */,
			);
			name = "Pesty-AlvieTests";
			packageProductDependencies = (
			);
			productName = "Pesty-AlvieTests";
			productReference = C8DA3F166C54640BABB54762 /* Pesty-AlvieTests.xctest */;
			productType = "com.apple.product-type.bundle.unit-test";
		};
/* End PBXNativeTarget section */

/* Begin PBXProject section */
		51ED394A27B65664F435D73F /* Project object */ = {
			isa = PBXProject;
			attributes = {
				BuildIndependentTargetsInParallel = YES;
				LastUpgradeCheck = 2630;
				TargetAttributes = {
					36D5D524888F7D7490546AE6 = {
						DevelopmentTeam = AV8TX99676;
						ProvisioningStyle = Automatic;
					};
					38B3CC0EE3DB8D5A947E165E = {
						DevelopmentTeam = AV8TX99676;
						ProvisioningStyle = Automatic;
					};
					8160736EF5C38BB87B9D1904 = {
						DevelopmentTeam = AV8TX99676;
						ProvisioningStyle = Automatic;
					};
					835F2FD8BD091D4F07D5B71E = {
						DevelopmentTeam = AV8TX99676;
						ProvisioningStyle = Automatic;
					};
				};
			};
			buildConfigurationList = 60C89402B97B68779AC98206 /* Build configuration list for PBXProject "Pesty-Alvie" */;
			developmentRegion = en;
			hasScannedForEncodings = 0;
			knownRegions = (
				Base,
				en,
			);
			mainGroup = E1368CB2ECB6B731EF53EB16;
			minimizedProjectReferenceProxies = 1;
			preferredProjectObjectVersion = 77;
			productRefGroup = 8EBA94996C71803AD5A620CA /* Products */;
			projectDirPath = "";
			projectRoot = "";
			targets = (
				8160736EF5C38BB87B9D1904 /* Pesty-Alvie */,
				38B3CC0EE3DB8D5A947E165E /* Pesty-Alvie-Mac */,
				A43F12528006AB03B3C8CF69 /* Pesty-AlvieTests */,
				835F2FD8BD091D4F07D5B71E /* PestyShareExtension */,
				36D5D524888F7D7490546AE6 /* PestyWidget */,
			);
		};
/* End PBXProject section */

/* Begin PBXResourcesBuildPhase section */
		2FA077FC8FC7B5E282856687 /* Resources */ = {
			isa = PBXResourcesBuildPhase;
			buildActionMask = 2147483647;
			files = (
				5C6C8C09D1775FCA9E0A025D /* Pesty-Alvie.icns in Resources */,
				AF7F0BBA4B41721344D5CBC9 /* container-migration.plist in Resources */,
			);
			runOnlyForDeploymentPostprocessing = 0;
		};
		A959AE277E2190287E8ABFE2 /* Resources */ = {
			isa = PBXResourcesBuildPhase;
			buildActionMask = 2147483647;
			files = (
				2680DFDDD7F6595948E5C1BC /* Assets.xcassets in Resources */,
			);
			runOnlyForDeploymentPostprocessing = 0;
		};
/* End PBXResourcesBuildPhase section */

/* Begin PBXShellScriptBuildPhase section */
		A14F766BA3342CB091E9C751 /* Generate app icon if missing */ = {
			isa = PBXShellScriptBuildPhase;
			alwaysOutOfDate = 1;
			buildActionMask = 2147483647;
			files = (
			);
			inputFileListPaths = (
			);
			inputPaths = (
			);
			name = "Generate app icon if missing";
			outputFileListPaths = (
			);
			outputPaths = (
			);
			runOnlyForDeploymentPostprocessing = 0;
			shellPath = /bin/sh;
			shellScript = "[ -f \"$SRCROOT/../packaging/Pesty-Alvie.icns\" ] || bash \"$SRCROOT/../scripts/make_icon.sh\"";
		};
/* End PBXShellScriptBuildPhase section */

/* Begin PBXSourcesBuildPhase section */
		4133EED7380284B2B806DE19 /* Sources */ = {
			isa = PBXSourcesBuildPhase;
			buildActionMask = 2147483647;
			files = (
				A1E9161416F246EBBD7DE2F4 /* AppController.swift in Sources */,
				7751A17A9C0C584AAA8AA23C /* AppIconProvider.swift in Sources */,
				3EA4F2E7B89327FC99B630AC /* AppIdentity.swift in Sources */,
				46F3CF16C145915A3DC4DACB /* BarHeightGhostController.swift in Sources */,
				56ADC7040AE5D6D0FAA9B95E /* BarSearchField.swift in Sources */,
				B9B71CFDA20CE9F07199D982 /* BarView.swift in Sources */,
				A3B363A90313C6DB98E4DFF5 /* BarWindowController.swift in Sources */,
				768FCA19A7EBCAED69AA3064 /* ClipCardView.swift in Sources */,
				8D045D68502C6B19A673D709 /* ClipDeletionLedger.swift in Sources */,
				2FC20549664AE2A6A3689E06 /* ClipDragProvider.swift in Sources */,
				D9020704FB4C9573175EFE54 /* ClipDragSource.swift in Sources */,
				FA5D22E89BC158A17C5AC7F9 /* ClipEditor.swift in Sources */,
				07B5EB866884486E92B4A3DD /* ClipItem.swift in Sources */,
				4926EF976EE48DE3CEDF07DC /* ClipPreviewViews.swift in Sources */,
				09342B3ED36341FE7CADE6DB /* ClipPreviewWindowView.swift in Sources */,
				51468BB3137B0AFB9228A233 /* ClipSelection.swift in Sources */,
				9FF661F7A8B876684C808ABA /* ClipTextMetrics.swift in Sources */,
				4BA745B8FA900F4CC1834DD0 /* ClipType.swift in Sources */,
				D97D7992704570B4564378E0 /* ClipboardMonitor.swift in Sources */,
				969F2DFBE077AAED3797F4D6 /* ClipboardStore.swift in Sources */,
				D214CE646DF58FAD6FCCD8FF /* CloudKitSchema.swift in Sources */,
				B75C0F1462C6DCF029C8C2AA /* CloudRecordCodec.swift in Sources */,
				095FC08DAE0A4645AA669413 /* CloudSyncService.swift in Sources */,
				EBB2EC61C051A9F9425C788B /* ColorHex.swift in Sources */,
				6B09E6D305CCE341D3C1081C /* Contrast.swift in Sources */,
				F3C7C69E3BF0A454A27FAB2F /* CopyToastController.swift in Sources */,
				768665C38CC517F390C07E9B /* DemoSeed.swift in Sources */,
				C3BFFED8976A3CA5981BF40A /* FeedbackSound.swift in Sources */,
				356E6E48B56E49A08D0DB6B8 /* FileThumbnailProvider.swift in Sources */,
				8C6E22C1D87B0BB30A67F556 /* FormatConverter.swift in Sources */,
				724E8119B000BFFE870B9AF7 /* HorizontalScrollWheelSupport.swift in Sources */,
				0F773902789E48C89343D9A5 /* HotKeyCenter.swift in Sources */,
				AED48BCDC539B64093F5E12B /* HotkeyRecorderView.swift in Sources */,
				956C57D8D1B28BCE14A759B4 /* InlinePreviewExternalOpener.swift in Sources */,
				08718DC5004BFC613A053B57 /* InlinePreviewWindowController.swift in Sources */,
				0B08EAC85A87A5EA2E7F2984 /* LaunchAtLogin.swift in Sources */,
				9808BB1A9A73038036E81DBB /* LinkPreviewStore.swift in Sources */,
				1E23F475357A09E64627C826 /* Main.swift in Sources */,
				66A503A0A049A6C11FDB837E /* PasteSequence.swift in Sources */,
				884365BFC5A354E99D380A4F /* PasteService.swift in Sources */,
				2737D55BE9B0F3B9EF91DE21 /* PasteStackDeckCard.swift in Sources */,
				24FE7726745076C3D5ED01E9 /* PasteStackView.swift in Sources */,
				17030E1B1443207B7CA895FF /* PasteStackWindowController.swift in Sources */,
				7CD67E6E9A6E496E692AB22E /* Pinboard.swift in Sources */,
				F60CB8A3201DA1F4F6075FAF /* PinboardTabs.swift in Sources */,
				1A9027984A79F425F085BF6B /* QuickLookService.swift in Sources */,
				A7A4665A659B0ED613F7EE02 /* RichTextFormatting.swift in Sources */,
				E3F3881D4C684D694D579A97 /* Settings.swift in Sources */,
				51FFFF3CE40EDDA3ECF41E03 /* SettingsView.swift in Sources */,
				0E166E4821A749A56C09C643 /* SourceColor.swift in Sources */,
				BA6824CDEA8F8F11D8C7FC6B /* TextSearch.swift in Sources */,
				ABDBBE2C159C0BCEAED20883 /* Theme.swift in Sources */,
				608C7CD137F599D82956C912 /* VisualEffectView.swift in Sources */,
			);
			runOnlyForDeploymentPostprocessing = 0;
		};
		639799DC1476999C1E48BCD7 /* Sources */ = {
			isa = PBXSourcesBuildPhase;
			buildActionMask = 2147483647;
			files = (
				C0EF056B5A2A8A9EEAD74C54 /* CloudRecordCodecTests.swift in Sources */,
				133824BE3DDB10D16562801E /* PestyLibraryTests.swift in Sources */,
			);
			runOnlyForDeploymentPostprocessing = 0;
		};
		B17634AEE168B2B544CFB5B4 /* Sources */ = {
			isa = PBXSourcesBuildPhase;
			buildActionMask = 2147483647;
			files = (
				2F9D10A1263304B3BB149B6E /* ClipKind.swift in Sources */,
				F2BDE965CA56EF53FE8B8F82 /* LocalAssetPersistence.swift in Sources */,
				ED792BE941172F46EB4FB636 /* LocalLibraryPersistence.swift in Sources */,
				174D5206B0500C6827BBBA65 /* PestyBoard.swift in Sources */,
				D5B043F7FD79497421C4D360 /* PestyClip.swift in Sources */,
				AE714D5D64780C663019D4BD /* PestyLibrary.swift in Sources */,
				58CCCEFD5CA5334F92D7CDF9 /* ShareViewController.swift in Sources */,
			);
			runOnlyForDeploymentPostprocessing = 0;
		};
		B4CE1F21530718BB77E0B3E0 /* Sources */ = {
			isa = PBXSourcesBuildPhase;
			buildActionMask = 2147483647;
			files = (
				047B736AA62E20A0A9702C45 /* BoardsView.swift in Sources */,
				5696992C5BFC3A5DB2A546E4 /* ClipDetailView.swift in Sources */,
				2172937D54729A67CB31F19F /* ClipKind.swift in Sources */,
				858C36C1ECEF3AD180761371 /* ClipboardWriter.swift in Sources */,
				4051876F7057CE67AEADB887 /* CloudKitSchema.swift in Sources */,
				3F58A822596EB78CA881B032 /* CloudRecordCodec.swift in Sources */,
				103861ED72019A701814009B /* CompanionSettingsView.swift in Sources */,
				A059C330B1FE50F383D4B8C1 /* DemoLibrary.swift in Sources */,
				1B414FB20F7DB9FE041E1F71 /* FormatConverter.swift in Sources */,
				6067442D28B0C101C77EAC8C /* LibraryStore.swift in Sources */,
				433D42B45D84563570C8D00B /* LibrarySyncing.swift in Sources */,
				D2232FEA9E55FDD59D3C68ED /* LibraryView.swift in Sources */,
				06A47D634871BE342BCE520D /* LocalAssetPersistence.swift in Sources */,
				4EB099BC02C70ABAA4C7D4FA /* LocalLibraryPersistence.swift in Sources */,
				7F106B3F9498827F14B16C89 /* MacPestyStoreImporter.swift in Sources */,
				E0BE79D7FF4F8F5849595B8A /* NewClipSheet.swift in Sources */,
				656D975AD1FB84D4177AB5C0 /* PestyAlvieApp.swift in Sources */,
				BD71D83025E85D9CC79BD816 /* PestyBoard.swift in Sources */,
				49F9DA4CDBCEF5050086D8A3 /* PestyClip.swift in Sources */,
				13D98759C2AD6E40FF1A9C01 /* PestyLibrary.swift in Sources */,
				DCC5ABBE5502FDA4D93FCB63 /* PestyPalette.swift in Sources */,
				B12268EA896C4249BAD07429 /* RichClipPreview.swift in Sources */,
				FD5F6156298B7393F65126F4 /* RootTabView.swift in Sources */,
			);
			runOnlyForDeploymentPostprocessing = 0;
		};
		B6FEC9CF21091AD1A21CBFCF /* Sources */ = {
			isa = PBXSourcesBuildPhase;
			buildActionMask = 2147483647;
			files = (
				3FA845CBCF6B5B35153E2AAD /* ClipKind.swift in Sources */,
				E4590E3BB920A1398C324CBE /* LocalLibraryPersistence.swift in Sources */,
				42511C7F4FAA03962F85F1D6 /* PestyBoard.swift in Sources */,
				C570DCE49E2A92BC719ED3C9 /* PestyClip.swift in Sources */,
				C90DE6BF09BF23FF45D3853F /* PestyLibrary.swift in Sources */,
				1A1028C9769D162B6ACE8596 /* PestyPalette.swift in Sources */,
				7FA610E6EA5E7A23CFC1E0AB /* PestyWidget.swift in Sources */,
			);
			runOnlyForDeploymentPostprocessing = 0;
		};
/* End PBXSourcesBuildPhase section */

/* Begin PBXTargetDependency section */
		66CF0679390DFBFEB74A4DFE /* PBXTargetDependency */ = {
			isa = PBXTargetDependency;
			target = 835F2FD8BD091D4F07D5B71E /* PestyShareExtension */;
			targetProxy = FC30508BAEC596C9815BBAC8 /* PBXContainerItemProxy */;
		};
		AF981075C4BAB12342221587 /* PBXTargetDependency */ = {
			isa = PBXTargetDependency;
			target = 8160736EF5C38BB87B9D1904 /* Pesty-Alvie */;
			targetProxy = F35A6C50135FC003BD1175E8 /* PBXContainerItemProxy */;
		};
		C30A5488C7903CC75C963A2B /* PBXTargetDependency */ = {
			isa = PBXTargetDependency;
			target = 36D5D524888F7D7490546AE6 /* PestyWidget */;
			targetProxy = 8F446DEA75E4962E3CA64AFA /* PBXContainerItemProxy */;
		};
/* End PBXTargetDependency section */

/* Begin XCBuildConfiguration section */
		05FDA202F4906A9E74AB0460 /* Release */ = {
			isa = XCBuildConfiguration;
			buildSettings = {
				BUNDLE_LOADER = "$(TEST_HOST)";
				GENERATE_INFOPLIST_FILE = YES;
				LD_RUNPATH_SEARCH_PATHS = (
					"$(inherited)",
					"@executable_path/Frameworks",
					"@loader_path/Frameworks",
				);
				PRODUCT_BUNDLE_IDENTIFIER = "com.alvst.pesty-alvie.companion.tests";
				SDKROOT = iphoneos;
				TARGETED_DEVICE_FAMILY = "1,2";
				TEST_HOST = "$(BUILT_PRODUCTS_DIR)/Pesty-Alvie.app/Pesty-Alvie";
			};
			name = Release;
		};
		204659D9A0A96B17FF9F8C65 /* Debug */ = {
			isa = XCBuildConfiguration;
			buildSettings = {
				ASSETCATALOG_COMPILER_APPICON_NAME = AppIcon;
				CODE_SIGN_ENTITLEMENTS = "Pesty-Alvie-Mac/Resources/Pesty-Alvie-Mac.entitlements";
				CODE_SIGN_STYLE = Automatic;
				COMBINE_HIDPI_IMAGES = YES;
				DEVELOPMENT_TEAM = AV8TX99676;
				ENABLE_HARDENED_RUNTIME = YES;
				GENERATE_INFOPLIST_FILE = NO;
				INFOPLIST_FILE = "Pesty-Alvie-Mac/Resources/Info.plist";
				LD_RUNPATH_SEARCH_PATHS = (
					"$(inherited)",
					"@executable_path/../Frameworks",
				);
				MACOSX_DEPLOYMENT_TARGET = 14.0;
				PRODUCT_BUNDLE_IDENTIFIER = "com.alvst.pesty-alvie";
				PRODUCT_MODULE_NAME = Pesty;
				PRODUCT_NAME = "Pesty-Alvie";
				SDKROOT = macosx;
				SWIFT_ACTIVE_COMPILATION_CONDITIONS = "$(inherited) MAS";
			};
			name = Debug;
		};
		2993E02CB5EAD8D256743EEE /* Debug */ = {
			isa = XCBuildConfiguration;
			buildSettings = {
				APPLICATION_EXTENSION_API_ONLY = YES;
				CODE_SIGN_ENTITLEMENTS = PestyWidget/PestyWidget.entitlements;
				CODE_SIGN_STYLE = Automatic;
				DEVELOPMENT_TEAM = AV8TX99676;
				GENERATE_INFOPLIST_FILE = NO;
				INFOPLIST_FILE = PestyWidget/Info.plist;
				LD_RUNPATH_SEARCH_PATHS = (
					"$(inherited)",
					"@executable_path/Frameworks",
					"@executable_path/../../Frameworks",
				);
				PRODUCT_BUNDLE_IDENTIFIER = "com.alvst.pesty-alvie.companion.widget";
				PRODUCT_MODULE_NAME = PestyWidget;
				PRODUCT_NAME = PestyWidget;
				SDKROOT = iphoneos;
				SKIP_INSTALL = YES;
				TARGETED_DEVICE_FAMILY = "1,2";
			};
			name = Debug;
		};
		42B93890390A3B046D0C67D2 /* Release */ = {
			isa = XCBuildConfiguration;
			buildSettings = {
				APPLICATION_EXTENSION_API_ONLY = YES;
				CODE_SIGN_ENTITLEMENTS = PestyWidget/PestyWidget.entitlements;
				CODE_SIGN_STYLE = Automatic;
				DEVELOPMENT_TEAM = AV8TX99676;
				GENERATE_INFOPLIST_FILE = NO;
				INFOPLIST_FILE = PestyWidget/Info.plist;
				LD_RUNPATH_SEARCH_PATHS = (
					"$(inherited)",
					"@executable_path/Frameworks",
					"@executable_path/../../Frameworks",
				);
				PRODUCT_BUNDLE_IDENTIFIER = "com.alvst.pesty-alvie.companion.widget";
				PRODUCT_MODULE_NAME = PestyWidget;
				PRODUCT_NAME = PestyWidget;
				SDKROOT = iphoneos;
				SKIP_INSTALL = YES;
				TARGETED_DEVICE_FAMILY = "1,2";
			};
			name = Release;
		};
		4312D6610A96A5EF3DABDF85 /* Release */ = {
			isa = XCBuildConfiguration;
			buildSettings = {
				APS_ENVIRONMENT = production;
				ASSETCATALOG_COMPILER_APPICON_NAME = AppIcon;
				ASSETCATALOG_COMPILER_GLOBAL_ACCENT_COLOR_NAME = AccentColor;
				CODE_SIGN_ENTITLEMENTS = "Pesty-Alvie/Resources/Pesty-Alvie.entitlements";
				CODE_SIGN_IDENTITY = "iPhone Developer";
				CODE_SIGN_STYLE = Automatic;
				DEVELOPMENT_TEAM = AV8TX99676;
				GENERATE_INFOPLIST_FILE = NO;
				ICLOUD_CONTAINER_ENVIRONMENT = Production;
				INFOPLIST_FILE = "Pesty-Alvie/Resources/Info.plist";
				LD_RUNPATH_SEARCH_PATHS = (
					"$(inherited)",
					"@executable_path/Frameworks",
				);
				PRODUCT_BUNDLE_IDENTIFIER = "com.alvst.pesty-alvie.companion";
				PRODUCT_MODULE_NAME = Pesty;
				PRODUCT_NAME = "Pesty-Alvie";
				SDKROOT = iphoneos;
				TARGETED_DEVICE_FAMILY = "1,2";
			};
			name = Release;
		};
		76694187820B9FE345CC9A9E /* Debug */ = {
			isa = XCBuildConfiguration;
			buildSettings = {
				ALWAYS_SEARCH_USER_PATHS = NO;
				CLANG_ANALYZER_NONNULL = YES;
				CLANG_ANALYZER_NUMBER_OBJECT_CONVERSION = YES_AGGRESSIVE;
				CLANG_CXX_LANGUAGE_STANDARD = "gnu++14";
				CLANG_CXX_LIBRARY = "libc++";
				CLANG_ENABLE_MODULES = YES;
				CLANG_ENABLE_OBJC_ARC = YES;
				CLANG_ENABLE_OBJC_WEAK = YES;
				CLANG_WARN_BLOCK_CAPTURE_AUTORELEASING = YES;
				CLANG_WARN_BOOL_CONVERSION = YES;
				CLANG_WARN_COMMA = YES;
				CLANG_WARN_CONSTANT_CONVERSION = YES;
				CLANG_WARN_DEPRECATED_OBJC_IMPLEMENTATIONS = YES;
				CLANG_WARN_DIRECT_OBJC_ISA_USAGE = YES_ERROR;
				CLANG_WARN_DOCUMENTATION_COMMENTS = YES;
				CLANG_WARN_EMPTY_BODY = YES;
				CLANG_WARN_ENUM_CONVERSION = YES;
				CLANG_WARN_INFINITE_RECURSION = YES;
				CLANG_WARN_INT_CONVERSION = YES;
				CLANG_WARN_NON_LITERAL_NULL_CONVERSION = YES;
				CLANG_WARN_OBJC_IMPLICIT_RETAIN_SELF = YES;
				CLANG_WARN_OBJC_LITERAL_CONVERSION = YES;
				CLANG_WARN_OBJC_ROOT_CLASS = YES_ERROR;
				CLANG_WARN_QUOTED_INCLUDE_IN_FRAMEWORK_HEADER = YES;
				CLANG_WARN_RANGE_LOOP_ANALYSIS = YES;
				CLANG_WARN_STRICT_PROTOTYPES = YES;
				CLANG_WARN_SUSPICIOUS_MOVE = YES;
				CLANG_WARN_UNGUARDED_AVAILABILITY = YES_AGGRESSIVE;
				CLANG_WARN_UNREACHABLE_CODE = YES;
				CLANG_WARN__DUPLICATE_METHOD_MATCH = YES;
				COPY_PHASE_STRIP = NO;
				CURRENT_PROJECT_VERSION = 1;
				DEBUG_INFORMATION_FORMAT = dwarf;
				ENABLE_STRICT_OBJC_MSGSEND = YES;
				ENABLE_TESTABILITY = YES;
				GCC_C_LANGUAGE_STANDARD = gnu11;
				GCC_DYNAMIC_NO_PIC = NO;
				GCC_NO_COMMON_BLOCKS = YES;
				GCC_OPTIMIZATION_LEVEL = 0;
				GCC_PREPROCESSOR_DEFINITIONS = (
					"$(inherited)",
					"DEBUG=1",
				);
				GCC_WARN_64_TO_32_BIT_CONVERSION = YES;
				GCC_WARN_ABOUT_RETURN_TYPE = YES_ERROR;
				GCC_WARN_UNDECLARED_SELECTOR = YES;
				GCC_WARN_UNINITIALIZED_AUTOS = YES_AGGRESSIVE;
				GCC_WARN_UNUSED_FUNCTION = YES;
				GCC_WARN_UNUSED_VARIABLE = YES;
				IPHONEOS_DEPLOYMENT_TARGET = 17.0;
				MACOSX_DEPLOYMENT_TARGET = 14.0;
				MARKETING_VERSION = 1.0;
				MTL_ENABLE_DEBUG_INFO = INCLUDE_SOURCE;
				MTL_FAST_MATH = YES;
				ONLY_ACTIVE_ARCH = YES;
				PRODUCT_NAME = "$(TARGET_NAME)";
				SWIFT_ACTIVE_COMPILATION_CONDITIONS = DEBUG;
				SWIFT_OPTIMIZATION_LEVEL = "-Onone";
				SWIFT_VERSION = 5.0;
				TARGETED_DEVICE_FAMILY = "1,2";
			};
			name = Debug;
		};
		7F8520499B8D95A746514850 /* Release */ = {
			isa = XCBuildConfiguration;
			buildSettings = {
				APPLICATION_EXTENSION_API_ONLY = YES;
				CODE_SIGN_ENTITLEMENTS = PestyShareExtension/PestyShareExtension.entitlements;
				CODE_SIGN_STYLE = Automatic;
				DEVELOPMENT_TEAM = AV8TX99676;
				GENERATE_INFOPLIST_FILE = NO;
				INFOPLIST_FILE = PestyShareExtension/Info.plist;
				LD_RUNPATH_SEARCH_PATHS = (
					"$(inherited)",
					"@executable_path/Frameworks",
					"@executable_path/../../Frameworks",
				);
				PRODUCT_BUNDLE_IDENTIFIER = "com.alvst.pesty-alvie.companion.share";
				PRODUCT_MODULE_NAME = PestyShareExtension;
				PRODUCT_NAME = PestyShareExtension;
				SDKROOT = iphoneos;
				SKIP_INSTALL = YES;
				TARGETED_DEVICE_FAMILY = "1,2";
			};
			name = Release;
		};
		8FEE13903558869368E67F59 /* Debug */ = {
			isa = XCBuildConfiguration;
			buildSettings = {
				APS_ENVIRONMENT = development;
				ASSETCATALOG_COMPILER_APPICON_NAME = AppIcon;
				ASSETCATALOG_COMPILER_GLOBAL_ACCENT_COLOR_NAME = AccentColor;
				CODE_SIGN_ENTITLEMENTS = "Pesty-Alvie/Resources/Pesty-Alvie.entitlements";
				CODE_SIGN_IDENTITY = "iPhone Developer";
				CODE_SIGN_STYLE = Automatic;
				DEVELOPMENT_TEAM = AV8TX99676;
				GENERATE_INFOPLIST_FILE = NO;
				ICLOUD_CONTAINER_ENVIRONMENT = Development;
				INFOPLIST_FILE = "Pesty-Alvie/Resources/Info.plist";
				LD_RUNPATH_SEARCH_PATHS = (
					"$(inherited)",
					"@executable_path/Frameworks",
				);
				PRODUCT_BUNDLE_IDENTIFIER = "com.alvst.pesty-alvie.companion";
				PRODUCT_MODULE_NAME = Pesty;
				PRODUCT_NAME = "Pesty-Alvie";
				SDKROOT = iphoneos;
				TARGETED_DEVICE_FAMILY = "1,2";
			};
			name = Debug;
		};
		A8B1497E1C19F03786FA42C8 /* Debug */ = {
			isa = XCBuildConfiguration;
			buildSettings = {
				APPLICATION_EXTENSION_API_ONLY = YES;
				CODE_SIGN_ENTITLEMENTS = PestyShareExtension/PestyShareExtension.entitlements;
				CODE_SIGN_STYLE = Automatic;
				DEVELOPMENT_TEAM = AV8TX99676;
				GENERATE_INFOPLIST_FILE = NO;
				INFOPLIST_FILE = PestyShareExtension/Info.plist;
				LD_RUNPATH_SEARCH_PATHS = (
					"$(inherited)",
					"@executable_path/Frameworks",
					"@executable_path/../../Frameworks",
				);
				PRODUCT_BUNDLE_IDENTIFIER = "com.alvst.pesty-alvie.companion.share";
				PRODUCT_MODULE_NAME = PestyShareExtension;
				PRODUCT_NAME = PestyShareExtension;
				SDKROOT = iphoneos;
				SKIP_INSTALL = YES;
				TARGETED_DEVICE_FAMILY = "1,2";
			};
			name = Debug;
		};
		C4938F389A0E16A541629A8C /* Debug */ = {
			isa = XCBuildConfiguration;
			buildSettings = {
				BUNDLE_LOADER = "$(TEST_HOST)";
				GENERATE_INFOPLIST_FILE = YES;
				LD_RUNPATH_SEARCH_PATHS = (
					"$(inherited)",
					"@executable_path/Frameworks",
					"@loader_path/Frameworks",
				);
				PRODUCT_BUNDLE_IDENTIFIER = "com.alvst.pesty-alvie.companion.tests";
				SDKROOT = iphoneos;
				TARGETED_DEVICE_FAMILY = "1,2";
				TEST_HOST = "$(BUILT_PRODUCTS_DIR)/Pesty-Alvie.app/Pesty-Alvie";
			};
			name = Debug;
		};
		D854005FB1BEA01EFB1F6754 /* Release */ = {
			isa = XCBuildConfiguration;
			buildSettings = {
				ASSETCATALOG_COMPILER_APPICON_NAME = AppIcon;
				CODE_SIGN_ENTITLEMENTS = "Pesty-Alvie-Mac/Resources/Pesty-Alvie-Mac.entitlements";
				CODE_SIGN_STYLE = Automatic;
				COMBINE_HIDPI_IMAGES = YES;
				DEVELOPMENT_TEAM = AV8TX99676;
				ENABLE_HARDENED_RUNTIME = YES;
				GENERATE_INFOPLIST_FILE = NO;
				INFOPLIST_FILE = "Pesty-Alvie-Mac/Resources/Info.plist";
				LD_RUNPATH_SEARCH_PATHS = (
					"$(inherited)",
					"@executable_path/../Frameworks",
				);
				MACOSX_DEPLOYMENT_TARGET = 14.0;
				PRODUCT_BUNDLE_IDENTIFIER = "com.alvst.pesty-alvie";
				PRODUCT_MODULE_NAME = Pesty;
				PRODUCT_NAME = "Pesty-Alvie";
				SDKROOT = macosx;
				SWIFT_ACTIVE_COMPILATION_CONDITIONS = "$(inherited) MAS";
			};
			name = Release;
		};
		FEE9C852A16511F7D5AF48C8 /* Release */ = {
			isa = XCBuildConfiguration;
			buildSettings = {
				ALWAYS_SEARCH_USER_PATHS = NO;
				CLANG_ANALYZER_NONNULL = YES;
				CLANG_ANALYZER_NUMBER_OBJECT_CONVERSION = YES_AGGRESSIVE;
				CLANG_CXX_LANGUAGE_STANDARD = "gnu++14";
				CLANG_CXX_LIBRARY = "libc++";
				CLANG_ENABLE_MODULES = YES;
				CLANG_ENABLE_OBJC_ARC = YES;
				CLANG_ENABLE_OBJC_WEAK = YES;
				CLANG_WARN_BLOCK_CAPTURE_AUTORELEASING = YES;
				CLANG_WARN_BOOL_CONVERSION = YES;
				CLANG_WARN_COMMA = YES;
				CLANG_WARN_CONSTANT_CONVERSION = YES;
				CLANG_WARN_DEPRECATED_OBJC_IMPLEMENTATIONS = YES;
				CLANG_WARN_DIRECT_OBJC_ISA_USAGE = YES_ERROR;
				CLANG_WARN_DOCUMENTATION_COMMENTS = YES;
				CLANG_WARN_EMPTY_BODY = YES;
				CLANG_WARN_ENUM_CONVERSION = YES;
				CLANG_WARN_INFINITE_RECURSION = YES;
				CLANG_WARN_INT_CONVERSION = YES;
				CLANG_WARN_NON_LITERAL_NULL_CONVERSION = YES;
				CLANG_WARN_OBJC_IMPLICIT_RETAIN_SELF = YES;
				CLANG_WARN_OBJC_LITERAL_CONVERSION = YES;
				CLANG_WARN_OBJC_ROOT_CLASS = YES_ERROR;
				CLANG_WARN_QUOTED_INCLUDE_IN_FRAMEWORK_HEADER = YES;
				CLANG_WARN_RANGE_LOOP_ANALYSIS = YES;
				CLANG_WARN_STRICT_PROTOTYPES = YES;
				CLANG_WARN_SUSPICIOUS_MOVE = YES;
				CLANG_WARN_UNGUARDED_AVAILABILITY = YES_AGGRESSIVE;
				CLANG_WARN_UNREACHABLE_CODE = YES;
				CLANG_WARN__DUPLICATE_METHOD_MATCH = YES;
				COPY_PHASE_STRIP = NO;
				CURRENT_PROJECT_VERSION = 1;
				DEBUG_INFORMATION_FORMAT = "dwarf-with-dsym";
				ENABLE_NS_ASSERTIONS = NO;
				ENABLE_STRICT_OBJC_MSGSEND = YES;
				GCC_C_LANGUAGE_STANDARD = gnu11;
				GCC_NO_COMMON_BLOCKS = YES;
				GCC_WARN_64_TO_32_BIT_CONVERSION = YES;
				GCC_WARN_ABOUT_RETURN_TYPE = YES_ERROR;
				GCC_WARN_UNDECLARED_SELECTOR = YES;
				GCC_WARN_UNINITIALIZED_AUTOS = YES_AGGRESSIVE;
				GCC_WARN_UNUSED_FUNCTION = YES;
				GCC_WARN_UNUSED_VARIABLE = YES;
				IPHONEOS_DEPLOYMENT_TARGET = 17.0;
				MACOSX_DEPLOYMENT_TARGET = 14.0;
				MARKETING_VERSION = 1.0;
				MTL_ENABLE_DEBUG_INFO = NO;
				MTL_FAST_MATH = YES;
				PRODUCT_NAME = "$(TARGET_NAME)";
				SWIFT_COMPILATION_MODE = wholemodule;
				SWIFT_OPTIMIZATION_LEVEL = "-O";
				SWIFT_VERSION = 5.0;
				TARGETED_DEVICE_FAMILY = "1,2";
			};
			name = Release;
		};
/* End XCBuildConfiguration section */

/* Begin XCConfigurationList section */
		4BB243A3B14A80A588A52C8A /* Build configuration list for PBXNativeTarget "Pesty-Alvie" */ = {
			isa = XCConfigurationList;
			buildConfigurations = (
				8FEE13903558869368E67F59 /* Debug */,
				4312D6610A96A5EF3DABDF85 /* Release */,
			);
			defaultConfigurationIsVisible = 0;
			defaultConfigurationName = Debug;
		};
		60C89402B97B68779AC98206 /* Build configuration list for PBXProject "Pesty-Alvie" */ = {
			isa = XCConfigurationList;
			buildConfigurations = (
				76694187820B9FE345CC9A9E /* Debug */,
				FEE9C852A16511F7D5AF48C8 /* Release */,
			);
			defaultConfigurationIsVisible = 0;
			defaultConfigurationName = Debug;
		};
		694AF159F9D02EF2391584FA /* Build configuration list for PBXNativeTarget "Pesty-AlvieTests" */ = {
			isa = XCConfigurationList;
			buildConfigurations = (
				C4938F389A0E16A541629A8C /* Debug */,
				05FDA202F4906A9E74AB0460 /* Release */,
			);
			defaultConfigurationIsVisible = 0;
			defaultConfigurationName = Debug;
		};
		96AA9D90FAD8905A275DFAD0 /* Build configuration list for PBXNativeTarget "Pesty-Alvie-Mac" */ = {
			isa = XCConfigurationList;
			buildConfigurations = (
				204659D9A0A96B17FF9F8C65 /* Debug */,
				D854005FB1BEA01EFB1F6754 /* Release */,
			);
			defaultConfigurationIsVisible = 0;
			defaultConfigurationName = Debug;
		};
		AE749260C3C3BF2854EE4A0F /* Build configuration list for PBXNativeTarget "PestyWidget" */ = {
			isa = XCConfigurationList;
			buildConfigurations = (
				2993E02CB5EAD8D256743EEE /* Debug */,
				42B93890390A3B046D0C67D2 /* Release */,
			);
			defaultConfigurationIsVisible = 0;
			defaultConfigurationName = Debug;
		};
		BBADDD183980D1A190576736 /* Build configuration list for PBXNativeTarget "PestyShareExtension" */ = {
			isa = XCConfigurationList;
			buildConfigurations = (
				A8B1497E1C19F03786FA42C8 /* Debug */,
				7F8520499B8D95A746514850 /* Release */,
			);
			defaultConfigurationIsVisible = 0;
			defaultConfigurationName = Debug;
		};
/* End XCConfigurationList section */
	};
	rootObject = 51ED394A27B65664F435D73F /* Project object */;
}
